// !$*UTF8*$!
{
	archiveVersion = 1;
	classes = {
	};
	objectVersion = 46;
	objects = {

/* Begin PBXBuildFile section */
		1756B90D1C3BFBCF00C1B552 /* AppDelegate.swift in Sources */ = {isa = PBXBuildFile; fileRef = 1756B90C1C3BFBCF00C1B552 /* AppDelegate.swift */; };
		1756B90F1C3BFBCF00C1B552 /* Assets.xcassets in Resources */ = {isa = PBXBuildFile; fileRef = 1756B90E1C3BFBCF00C1B552 /* Assets.xcassets */; };
		1756B9121C3BFBCF00C1B552 /* MainMenu.xib in Resources */ = {isa = PBXBuildFile; fileRef = 1756B9101C3BFBCF00C1B552 /* MainMenu.xib */; };
		1756B91B1C3C12AA00C1B552 /* WiFi_conf.scpt in Resources */ = {isa = PBXBuildFile; fileRef = 1756B9191C3BFBE000C1B552 /* WiFi_conf.scpt */; settings = {ASSET_TAGS = (); }; };
		1756B91C1C3C12BE00C1B552 /* WiFi_status.scpt in Resources */ = {isa = PBXBuildFile; fileRef = 1756B91A1C3BFBE000C1B552 /* WiFi_status.scpt */; settings = {ASSET_TAGS = (); }; };
		17BEBEDE1E1BB5D9006A6B99 /* WiFiStatusApp-Readme.txt in Resources */ = {isa = PBXBuildFile; fileRef = 17BEBEDD1E1BB5D9006A6B99 /* WiFiStatusApp-Readme.txt */; settings = {ASSET_TAGS = (); }; };
		17ECF0A81C4929EB0065C417 /* check_assistive.scpt in Resources */ = {isa = PBXBuildFile; fileRef = 17ECF0A71C4929EB0065C417 /* check_assistive.scpt */; settings = {ASSET_TAGS = (); }; };
/* End PBXBuildFile section */

/* Begin PBXFileReference section */
		1756B9091C3BFBCF00C1B552 /* WiFiStatusApp.app */ = {isa = PBXFileReference; explicitFileType = wrapper.application; includeInIndex = 0; path = WiFiStatusApp.app; sourceTree = BUILT_PRODUCTS_DIR; };
		1756B90C1C3BFBCF00C1B552 /* AppDelegate.swift */ = {isa = PBXFileReference; lastKnownFileType = sourcecode.swift; path = AppDelegate.swift; sourceTree = "<group>"; };
		1756B90E1C3BFBCF00C1B552 /* Assets.xcassets */ = {isa = PBXFileReference; lastKnownFileType = folder.assetcatalog; path = Assets.xcassets; sourceTree = "<group>"; };
		1756B9111C3BFBCF00C1B552 /* Base */ = {isa = PBXFileReference; lastKnownFileType = file.xib; name = Base; path = Base.lproj/MainMenu.xib; sourceTree = "<group>"; };
		1756B9131C3BFBCF00C1B552 /* Info.plist */ = {isa = PBXFileReference; lastKnownFileType = text.plist.xml; path = Info.plist; sourceTree = "<group>"; };
		1756B9191C3BFBE000C1B552 /* WiFi_conf.scpt */ = {isa = PBXFileReference; lastKnownFileType = file; path = WiFi_conf.scpt; sourceTree = "<group>"; };
		1756B91A1C3BFBE000C1B552 /* WiFi_status.scpt */ = {isa = PBXFileReference; lastKnownFileType = file; path = WiFi_status.scpt; sourceTree = "<group>"; };
		17BEBEDD1E1BB5D9006A6B99 /* WiFiStatusApp-Readme.txt */ = {isa = PBXFileReference; fileEncoding = 4; lastKnownFileType = text; path = "WiFiStatusApp-Readme.txt"; sourceTree = "<group>"; };
		17ECF0A71C4929EB0065C417 /* check_assistive.scpt */ = {isa = PBXFileReference; lastKnownFileType = file; path = check_assistive.scpt; sourceTree = "<group>"; };
/* End PBXFileReference section */

/* Begin PBXFrameworksBuildPhase section */
		1756B9061C3BFBCF00C1B552 /* Frameworks */ = {
			isa = PBXFrameworksBuildPhase;
			buildActionMask = 2147483647;
			files = (
			);
			runOnlyForDeploymentPostprocessing = 0;
		};
/* End PBXFrameworksBuildPhase section */

/* Begin PBXGroup section */
		1756B9001C3BFBCF00C1B552 = {
			isa = PBXGroup;
			children = (
				17BEBEDD1E1BB5D9006A6B99 /* WiFiStatusApp-Readme.txt */,
				1756B9191C3BFBE000C1B552 /* WiFi_conf.scpt */,
				1756B91A1C3BFBE000C1B552 /* WiFi_status.scpt */,
				17ECF0A71C4929EB0065C417 /* check_assistive.scpt */,
				1756B90B1C3BFBCF00C1B552 /* WiFiStatusApp */,
				1756B90A1C3BFBCF00C1B552 /* Products */,
			);
			sourceTree = "<group>";
		};
		1756B90A1C3BFBCF00C1B552 /* Products */ = {
			isa = PBXGroup;
			children = (
				1756B9091C3BFBCF00C1B552 /* WiFiStatusApp.app */,
			);
			name = Products;
			sourceTree = "<group>";
		};
		1756B90B1C3BFBCF00C1B552 /* WiFiStatusApp */ = {
			isa = PBXGroup;
			children = (
				1756B90C1C3BFBCF00C1B552 /* AppDelegate.swift */,
				1756B90E1C3BFBCF00C1B552 /* Assets.xcassets */,
				1756B9101C3BFBCF00C1B552 /* MainMenu.xib */,
				1756B9131C3BFBCF00C1B552 /* Info.plist */,
			);
			path = WiFiStatusApp;
			sourceTree = "<group>";
		};
/* End PBXGroup section */

/* Begin PBXNativeTarget section */
		1756B9081C3BFBCF00C1B552 /* WiFiStatusApp */ = {
			isa = PBXNativeTarget;
			buildConfigurationList = 1756B9161C3BFBCF00C1B552 /* Build configuration list for PBXNativeTarget "WiFiStatusApp" */;
			buildPhases = (
				1756B9051C3BFBCF00C1B552 /* Sources */,
				1756B9061C3BFBCF00C1B552 /* Frameworks */,
				1756B9071C3BFBCF00C1B552 /* Resources */,
			);
			buildRules = (
			);
			dependencies = (
			);
			name = WiFiStatusApp;
			productName = WiFiStatusApp;
			productReference = 1756B9091C3BFBCF00C1B552 /* WiFiStatusApp.app */;
			productType = "com.apple.product-type.application";
		};
/* End PBXNativeTarget section */

/* Begin PBXProject section */
		1756B9011C3BFBCF00C1B552 /* Project object */ = {
			isa = PBXProject;
			attributes = {
				LastUpgradeCheck = 0700;
				ORGANIZATIONNAME = "no-one";
				TargetAttributes = {
					1756B9081C3BFBCF00C1B552 = {
						CreatedOnToolsVersion = 7.0.1;
					};
				};
			};
			buildConfigurationList = 1756B9041C3BFBCF00C1B552 /* Build configuration list for PBXProject "WiFiStatusApp" */;
			compatibilityVersion = "Xcode 3.2";
			developmentRegion = English;
			hasScannedForEncodings = 0;
			knownRegions = (
				en,
				Base,
			);
			mainGroup = 1756B9001C3BFBCF00C1B552;
			productRefGroup = 1756B90A1C3BFBCF00C1B552 /* Products */;
			projectDirPath = "";
			projectRoot = "";
			targets = (
				1756B9081C3BFBCF00C1B552 /* WiFiStatusApp */,
			);
		};
/* End PBXProject section */

/* Begin PBXResourcesBuildPhase section */
		1756B9071C3BFBCF00C1B552 /* Resources */ = {
			isa = PBXResourcesBuildPhase;
			buildActionMask = 2147483647;
			files = (
				1756B90F1C3BFBCF00C1B552 /* Assets.xcassets in Resources */,
				1756B91B1C3C12AA00C1B552 /* WiFi_conf.scpt in Resources */,
				17ECF0A81C4929EB0065C417 /* check_assistive.scpt in Resources */,
				17BEBEDE1E1BB5D9006A6B99 /* WiFiStatusApp-Readme.txt in Resources */,
				1756B91C1C3C12BE00C1B552 /* WiFi_status.scpt in Resources */,
				1756B9121C3BFBCF00C1B552 /* MainMenu.xib in Resources */,
			);
			runOnlyForDeploymentPostprocessing = 0;
		};
/* End PBXResourcesBuildPhase section */

/* Begin PBXSourcesBuildPhase section */
		1756B9051C3BFBCF00C1B552 /* Sources */ = {
			isa = PBXSourcesBuildPhase;
			buildActionMask = 2147483647;
			files = (
				1756B90D1C3BFBCF00C1B552 /* AppDelegate.swift in Sources */,
			);
			runOnlyForDeploymentPostprocessing = 0;
		};
/* End PBXSourcesBuildPhase section */

/* Begin PBXVariantGroup section */
		1756B9101C3BFBCF00C1B552 /* MainMenu.xib */ = {
			isa = PBXVariantGroup;
			children = (
				1756B9111C3BFBCF00C1B552 /* Base */,
			);
			name = MainMenu.xib;
			sourceTree = "<group>";
		};
/* End PBXVariantGroup section */

/* Begin XCBuildConfiguration section */
		1756B9141C3BFBCF00C1B552 /* Debug */ = {
			isa = XCBuildConfiguration;
			buildSettings = {
				ALWAYS_SEARCH_USER_PATHS = NO;
				CLANG_CXX_LANGUAGE_STANDARD = "gnu++0x";
				CLANG_CXX_LIBRARY = "libc++";
				CLANG_ENABLE_MODULES = YES;
				CLANG_ENABLE_OBJC_ARC = YES;
				CLANG_WARN_BOOL_CONVERSION = YES;
				CLANG_WARN_CONSTANT_CONVERSION = YES;
				CLANG_WARN_DIRECT_OBJC_ISA_USAGE = YES_ERROR;
				CLANG_WARN_EMPTY_BODY = YES;
				CLANG_WARN_ENUM_CONVERSION = YES;
				CLANG_WARN_INT_CONVERSION = YES;
				CLANG_WARN_OBJC_ROOT_CLASS = YES_ERROR;
				CLANG_WARN_UNREACHABLE_CODE = YES;
				CLANG_WARN__DUPLICATE_METHOD_MATCH = YES;
				CODE_SIGN_IDENTITY = "-";
				COPY_PHASE_STRIP = NO;
				DEBUG_INFORMATION_FORMAT = dwarf;
				ENABLE_STRICT_OBJC_MSGSEND = YES;
				ENABLE_TESTABILITY = YES;
				GCC_C_LANGUAGE_STANDARD = gnu99;
				GCC_DYNAMIC_NO_PIC = NO;
				GCC_NO_COMMON_BLOCKS = YES;
				GCC_OPTIMIZATION_LEVEL = 0;
				GCC_PREPROCESSOR_DEFINITIONS = (
					"DEBUG=1",
					"$(inherited)",
				);
				GCC_WARN_64_TO_32_BIT_CONVERSION = YES;
				GCC_WARN_ABOUT_RETURN_TYPE = YES_ERROR;
				GCC_WARN_UNDECLARED_SELECTOR = YES;
				GCC_WARN_UNINITIALIZED_AUTOS = YES_AGGRESSIVE;
				GCC_WARN_UNUSED_FUNCTION = YES;
				GCC_WARN_UNUSED_VARIABLE = YES;
				MACOSX_DEPLOYMENT_TARGET = 10.9;
				MTL_ENABLE_DEBUG_INFO = YES;
				ONLY_ACTIVE_ARCH = YES;
				SDKROOT = macosx;
				SWIFT_OPTIMIZATION_LEVEL = "-Onone";
			};
			name = Debug;
		};
		1756B9151C3BFBCF00C1B552 /* Release */ = {
			isa = XCBuildConfiguration;
			buildSettings = {
				ALWAYS_SEARCH_USER_PATHS = NO;
				CLANG_CXX_LANGUAGE_STANDARD = "gnu++0x";
				CLANG_CXX_LIBRARY = "libc++";
				CLANG_ENABLE_MODULES = YES;
				CLANG_ENABLE_OBJC_ARC = YES;
				CLANG_WARN_BOOL_CONVERSION = YES;
				CLANG_WARN_CONSTANT_CONVERSION = YES;
				CLANG_WARN_DIRECT_OBJC_ISA_USAGE = YES_ERROR;
				CLANG_WARN_EMPTY_BODY = YES;
				CLANG_WARN_ENUM_CONVERSION = YES;
				CLANG_WARN_INT_CONVERSION = YES;
				CLANG_WARN_OBJC_ROOT_CLASS = YES_ERROR;
				CLANG_WARN_UNREACHABLE_CODE = YES;
				CLANG_WARN__DUPLICATE_METHOD_MATCH = YES;
				CODE_SIGN_IDENTITY = "-";
				COPY_PHASE_STRIP = NO;
				DEBUG_INFORMATION_FORMAT = "dwarf-with-dsym";
				ENABLE_NS_ASSERTIONS = NO;
				ENABLE_STRICT_OBJC_MSGSEND = YES;
				GCC_C_LANGUAGE_STANDARD = gnu99;
				GCC_NO_COMMON_BLOCKS = YES;
				GCC_WARN_64_TO_32_BIT_CONVERSION = YES;
				GCC_WARN_ABOUT_RETURN_TYPE = YES_ERROR;
				GCC_WARN_UNDECLARED_SELECTOR = YES;
				GCC_WARN_UNINITIALIZED_AUTOS = YES_AGGRESSIVE;
				GCC_WARN_UNUSED_FUNCTION = YES;
				GCC_WARN_UNUSED_VARIABLE = YES;
				MACOSX_DEPLOYMENT_TARGET = 10.9;
				MTL_ENABLE_DEBUG_INFO = NO;
				SDKROOT = macosx;
			};
			name = Release;
		};
		1756B9171C3BFBCF00C1B552 /* Debug */ = {
			isa = XCBuildConfiguration;
			buildSettings = {
				ASSETCATALOG_COMPILER_APPICON_NAME = AppIcon;
				COMBINE_HIDPI_IMAGES = YES;
				INFOPLIST_FILE = WiFiStatusApp/Info.plist;
				LD_RUNPATH_SEARCH_PATHS = "$(inherited) @executable_path/../Frameworks";
				PRODUCT_BUNDLE_IDENTIFIER = "no-one.WiFiStatusApp";
				PRODUCT_NAME = "$(TARGET_NAME)";
			};
			name = Debug;
		};
		1756B9181C3BFBCF00C1B552 /* Release */ = {
			isa = XCBuildConfiguration;
			buildSettings = {
				ASSETCATALOG_COMPILER_APPICON_NAME = AppIcon;
				COMBINE_HIDPI_IMAGES = YES;
				INFOPLIST_FILE = WiFiStatusApp/Info.plist;
				LD_RUNPATH_SEARCH_PATHS = "$(inherited) @executable_path/../Frameworks";
				PRODUCT_BUNDLE_IDENTIFIER = "no-one.WiFiStatusApp";
				PRODUCT_NAME = "$(TARGET_NAME)";
			};
			name = Release;
		};
/* End XCBuildConfiguration section */

/* Begin XCConfigurationList section */
		1756B9041C3BFBCF00C1B552 /* Build configuration list for PBXProject "WiFiStatusApp" */ = {
			isa = XCConfigurationList;
			buildConfigurations = (
				1756B9141C3BFBCF00C1B552 /* Debug */,
				1756B9151C3BFBCF00C1B552 /* Release */,
			);
			defaultConfigurationIsVisible = 0;
			defaultConfigurationName = Release;
		};
		1756B9161C3BFBCF00C1B552 /* Build configuration list for PBXNativeTarget "WiFiStatusApp" */ = {
			isa = XCConfigurationList;
			buildConfigurations = (
				1756B9171C3BFBCF00C1B552 /* Debug */,
				1756B9181C3BFBCF00C1B552 /* Release */,
			);
			defaultConfigurationIsVisible = 0;
			defaultConfigurationName = Release;
		};
/* End XCConfigurationList section */
	};
	rootObject = 1756B9011C3BFBCF00C1B552 /* Project object */;
}
